<?xml version="1.0" encoding="UTF-8" standalone="yes" ?>
<CodeBlocks_project_file>
	<FileVersion major="1" minor="6" />
	<Project>
		<Option title="neuronal-v1" />
		<Option pch_mode="2" />
		<Option compiler="gcc" />
		<Build>
			<Target title="Debug">
				<Option output="bin/Debug/neuronal-v1" prefix_auto="1" extension_auto="1" />
				<Option object_output="bin/Debug/obj" />
				<Option type="1" />
				<Option compiler="gcc" />
				<Compiler>
					<Add option="-g" />
					<Add option="-DOCTETOS_NEURONAL_V0_TTD" />
				</Compiler>
				<Linker>
					<Add option="`pkg-config cunit --libs`" />
				</Linker>
			</Target>
			<Target title="Release">
				<Option output="bin/Release/neuronal-v1" prefix_auto="1" extension_auto="1" />
				<Option object_output="bin/Release/obj" />
				<Option type="1" />
				<Option compiler="gcc" />
				<Compiler>
					<Add option="-O2" />
					<Add option="-DOCTETOS_NEURONAL_V0_TTD" />
				</Compiler>
				<Linker>
					<Add option="-s" />
				</Linker>
			</Target>
		</Build>
		<Compiler>
			<Add option="-Wall -pedantic -std=c++20" />
			<Add directory="../../octetos" />
		</Compiler>
		<Unit filename="1/Neurona.hh" />
		<Unit filename="1/backp.hh" />
		<Unit filename="tests/main.cc" />
		<Unit filename="tests/v0.cc" />
		<Unit filename="tests/v0.hh" />
		<Extensions>
			<lib_finder disable_auto="1" />
		</Extensions>
	</Project>
</CodeBlocks_project_file>
